# THIS IS AN AUTOGENERATED FILE. DO NOT EDIT THIS FILE DIRECTLY.
# yarn lockfile v1


formBuilder@^3.1.3:
  version "3.1.3"
  resolved "https://registry.yarnpkg.com/formBuilder/-/formBuilder-3.1.3.tgz#62c39197a7838c6e6d9ecc9667eede12bb922056"
  integrity sha512-OhKF81xwMdsGq2nem2FrhPK+vaEF6czH6zKiJmjQbPaPgz0ApsHpZLiac9QnXAQDfttDpxVSrV/6Gmb4dirEXA==
  dependencies:
    jquery "3.3.1"
    jquery-ui-sortable "*"

jquery-ui-sortable@*:
  version "1.0.0"
  resolved "https://registry.yarnpkg.com/jquery-ui-sortable/-/jquery-ui-sortable-1.0.0.tgz#0ee062ce02b29b36585ede3a3e0ddde666060f96"
  integrity sha1-DuBizgKymzZYXt46Pg3d5mYGD5Y=

jquery@3.3.1:
  version "3.3.1"
  resolved "https://registry.yarnpkg.com/jquery/-/jquery-3.3.1.tgz#958ce29e81c9790f31be7792df5d4d95fc57fbca"
  integrity sha512-Ubldcmxp5np52/ENotGxlLe6aGMvmF4R8S6tZjsP6Knsaxd/xp3Zrh50cG93lR6nPXyUFwzN3ZSOQI0wRJNdGg==
